Microsoft Visual Studio Solution File, Format Version 11.00
# Visual Studio 2008

Project("{4B0EE757-945B-B0AA-38C5-968B72F3E5B4}") = "solarExplorer", "Assembly-CSharp-vs.csproj", "{76501762-45F0-B1FD-7814-9935C292070C}"
EndProject
Global
	GlobalSection(SolutionConfigurationPlatforms) = preSolution
		Debug|Any CPU = Debug|Any CPU
		Release|Any CPU = Release|Any CPU
	EndGlobalSection
	GlobalSection(ProjectConfigurationPlatforms) = postSolution
		{76501762-45F0-B1FD-7814-9935C292070C}.Debug|Any CPU.ActiveCfg = Debug|Any CPU
		{76501762-45F0-B1FD-7814-9935C292070C}.Debug|Any CPU.Build.0 = Debug|Any CPU
		{76501762-45F0-B1FD-7814-9935C292070C}.Release|Any CPU.ActiveCfg = Release|Any CPU
		{76501762-45F0-B1FD-7814-9935C292070C}.Release|Any CPU.Build.0 = Release|Any CPU
	EndGlobalSection
	GlobalSection(SolutionProperties) = preSolution
		HideSolutionNode = FALSE
	EndGlobalSection
																								GlobalSection(MonoDevelopProperties) = preSolution
		StartupItem = Assembly-CSharp.csproj
		Policies = $0
		$0.TextStylePolicy = $1
		$1.inheritsSet = null
		$1.scope = text/x-csharp
		$0.CSharpFormattingPolicy = $2
		$2.inheritsSet = Mono
		$2.inheritsScope = text/x-csharp
		$2.scope = text/x-csharp
		$0.TextStylePolicy = $3
		$3.FileWidth = 120
		$3.TabWidth = 4
		$3.EolMarker = Unix
		$3.inheritsSet = Mono
		$3.inheritsScope = text/plain
		$3.scope = text/plain
	EndGlobalSection

EndGlobal
